
Microsoft Visual Studio Solution File, Format Version 12.00
# Visual Studio 15
VisualStudioVersion = 15.0.27004.2005
MinimumVisualStudioVersion = 10.0.40219.1
Project("{FAE04EC0-301F-11D3-BF4B-00C04F79EFBC}") = "Goodreads", "Goodreads\Goodreads.csproj", "{0236B4D9-16BC-4A1A-8621-78CFE1BDF06C}"
EndProject
Project("{FAE04EC0-301F-11D3-BF4B-00C04F79EFBC}") = "Goodreads.Tests", "Goodreads.Tests\Goodreads.Tests.csproj", "{1B7CF67E-E65A-4259-A075-0E0842C7619C}"
EndProject
Global
	GlobalSection(SolutionConfigurationPlatforms) = preSolution
		Debug|Any CPU = Debug|Any CPU
		Release|Any CPU = Release|Any CPU
	EndGlobalSection
	GlobalSection(ProjectConfigurationPlatforms) = postSolution
		{0236B4D9-16BC-4A1A-8621-78CFE1BDF06C}.Debug|Any CPU.ActiveCfg = Debug|Any CPU
		{0236B4D9-16BC-4A1A-8621-78CFE1BDF06C}.Debug|Any CPU.Build.0 = Debug|Any CPU
		{0236B4D9-16BC-4A1A-8621-78CFE1BDF06C}.Release|Any CPU.ActiveCfg = Release|Any CPU
		{0236B4D9-16BC-4A1A-8621-78CFE1BDF06C}.Release|Any CPU.Build.0 = Release|Any CPU
		{1B7CF67E-E65A-4259-A075-0E0842C7619C}.Debug|Any CPU.ActiveCfg = Debug|Any CPU
		{1B7CF67E-E65A-4259-A075-0E0842C7619C}.Debug|Any CPU.Build.0 = Debug|Any CPU
		{1B7CF67E-E65A-4259-A075-0E0842C7619C}.Release|Any CPU.ActiveCfg = Release|Any CPU
		{1B7CF67E-E65A-4259-A075-0E0842C7619C}.Release|Any CPU.Build.0 = Release|Any CPU
	EndGlobalSection
	GlobalSection(SolutionProperties) = preSolution
		HideSolutionNode = FALSE
	EndGlobalSection
	GlobalSection(ExtensibilityGlobals) = postSolution
		SolutionGuid = {F03787AB-8252-44B2-88F6-1A0ABA1F9F71}
	EndGlobalSection
EndGlobal
