
Microsoft Visual Studio Solution File, Format Version 12.00
# Visual Studio 14
VisualStudioVersion = 14.0.25123.0
MinimumVisualStudioVersion = 10.0.40219.1
Project("{FAE04EC0-301F-11D3-BF4B-00C04F79EFBC}") = "Goodreads", "Goodreads\Goodreads.csproj", "{28231DD9-D297-4618-859B-CAA09AABEDB3}"
EndProject
Project("{FAE04EC0-301F-11D3-BF4B-00C04F79EFBC}") = "Goodreads.Console", "Goodreads.Console\Goodreads.Console.csproj", "{68B0CC19-44A2-46B5-A3D3-E0807771119D}"
EndProject
Global
	GlobalSection(SolutionConfigurationPlatforms) = preSolution
		Debug|Any CPU = Debug|Any CPU
		Release|Any CPU = Release|Any CPU
	EndGlobalSection
	GlobalSection(ProjectConfigurationPlatforms) = postSolution
		{28231DD9-D297-4618-859B-CAA09AABEDB3}.Debug|Any CPU.ActiveCfg = Debug|Any CPU
		{28231DD9-D297-4618-859B-CAA09AABEDB3}.Debug|Any CPU.Build.0 = Debug|Any CPU
		{28231DD9-D297-4618-859B-CAA09AABEDB3}.Release|Any CPU.ActiveCfg = Release|Any CPU
		{28231DD9-D297-4618-859B-CAA09AABEDB3}.Release|Any CPU.Build.0 = Release|Any CPU
		{68B0CC19-44A2-46B5-A3D3-E0807771119D}.Debug|Any CPU.ActiveCfg = Debug|Any CPU
		{68B0CC19-44A2-46B5-A3D3-E0807771119D}.Debug|Any CPU.Build.0 = Debug|Any CPU
		{68B0CC19-44A2-46B5-A3D3-E0807771119D}.Release|Any CPU.ActiveCfg = Release|Any CPU
		{68B0CC19-44A2-46B5-A3D3-E0807771119D}.Release|Any CPU.Build.0 = Release|Any CPU
	EndGlobalSection
	GlobalSection(SolutionProperties) = preSolution
		HideSolutionNode = FALSE
	EndGlobalSection
EndGlobal
